// !$*UTF8*$!
{
	archiveVersion = 1;
	classes = {
	};
	objectVersion = 46;
	objects = {

/* Begin PBXBuildFile section */
		37228B2E0FC441F59539440C /* libPods.a in Frameworks */ = {isa = PBXBuildFile; fileRef = 02369A65059D452D874E80C9 /* libPods.a */; };
		BCB0317E1760CE6700FAEBDB /* UIKit.framework in Frameworks */ = {isa = PBXBuildFile; fileRef = BCB0317D1760CE6700FAEBDB /* UIKit.framework */; };
		BCB031801760CE6700FAEBDB /* Foundation.framework in Frameworks */ = {isa = PBXBuildFile; fileRef = BCB0317F1760CE6700FAEBDB /* Foundation.framework */; };
		BCB031821760CE6700FAEBDB /* CoreGraphics.framework in Frameworks */ = {isa = PBXBuildFile; fileRef = BCB031811760CE6700FAEBDB /* CoreGraphics.framework */; };
		BCB031881760CE6700FAEBDB /* InfoPlist.strings in Resources */ = {isa = PBXBuildFile; fileRef = BCB031861760CE6700FAEBDB /* InfoPlist.strings */; };
		BCB0318A1760CE6700FAEBDB /* main.m in Sources */ = {isa = PBXBuildFile; fileRef = BCB031891760CE6700FAEBDB /* main.m */; };
		BCB0318E1760CE6700FAEBDB /* AppDelegate.m in Sources */ = {isa = PBXBuildFile; fileRef = BCB0318D1760CE6700FAEBDB /* AppDelegate.m */; };
		BCB031901760CE6700FAEBDB /* Default.png in Resources */ = {isa = PBXBuildFile; fileRef = BCB0318F1760CE6700FAEBDB /* Default.png */; };
		BCB031921760CE6700FAEBDB /* Default@2x.png in Resources */ = {isa = PBXBuildFile; fileRef = BCB031911760CE6700FAEBDB /* Default@2x.png */; };
		BCB031941760CE6700FAEBDB /* Default-568h@2x.png in Resources */ = {isa = PBXBuildFile; fileRef = BCB031931760CE6700FAEBDB /* Default-568h@2x.png */; };
		BCB031971760CE6700FAEBDB /* MainStoryboard.storyboard in Resources */ = {isa = PBXBuildFile; fileRef = BCB031951760CE6700FAEBDB /* MainStoryboard.storyboard */; };
		BCB031A41760CF1100FAEBDB /* ArtifactTableViewController.m in Sources */ = {isa = PBXBuildFile; fileRef = BCB031A31760CF1100FAEBDB /* ArtifactTableViewController.m */; };
		BCB031A71760CF5A00FAEBDB /* ArtifactSummaryViewController.m in Sources */ = {isa = PBXBuildFile; fileRef = BCB031A61760CF5A00FAEBDB /* ArtifactSummaryViewController.m */; };
		BCB031AB1760CFD000FAEBDB /* RallyLookbackArtifact.m in Sources */ = {isa = PBXBuildFile; fileRef = BCB031AA1760CFD000FAEBDB /* RallyLookbackArtifact.m */; };
		BCB031AE1760D07F00FAEBDB /* RallyArtifactStore.m in Sources */ = {isa = PBXBuildFile; fileRef = BCB031AD1760D07F00FAEBDB /* RallyArtifactStore.m */; };
		BCB031B21760D1AA00FAEBDB /* LookbackApiClient.m in Sources */ = {isa = PBXBuildFile; fileRef = BCB031B11760D1AA00FAEBDB /* LookbackApiClient.m */; };
		BCB031B91761079D00FAEBDB /* ArtifactTableViewCell.m in Sources */ = {isa = PBXBuildFile; fileRef = BCB031B81761079D00FAEBDB /* ArtifactTableViewCell.m */; };
		BCB031BB176107D700FAEBDB /* ArtifactTableViewCell.xib in Resources */ = {isa = PBXBuildFile; fileRef = BCB031BA176107D700FAEBDB /* ArtifactTableViewCell.xib */; };
		BCB031BE17611F9100FAEBDB /* WSAPIClient.m in Sources */ = {isa = PBXBuildFile; fileRef = BCB031BD17611F9100FAEBDB /* WSAPIClient.m */; };
		BCB031C11762164C00FAEBDB /* RallyWSAPIArtifact.m in Sources */ = {isa = PBXBuildFile; fileRef = BCB031C01762164C00FAEBDB /* RallyWSAPIArtifact.m */; };
/* End PBXBuildFile section */

/* Begin PBXFileReference section */
		02369A65059D452D874E80C9 /* libPods.a */ = {isa = PBXFileReference; explicitFileType = archive.ar; includeInIndex = 0; path = libPods.a; sourceTree = BUILT_PRODUCTS_DIR; };
		5EF073E5ABE14EA4BEEF3705 /* Pods.xcconfig */ = {isa = PBXFileReference; includeInIndex = 1; lastKnownFileType = text.xcconfig; name = Pods.xcconfig; path = Pods/Pods.xcconfig; sourceTree = SOURCE_ROOT; };
		BCB0317A1760CE6700FAEBDB /* RallyTeamStatus.app */ = {isa = PBXFileReference; explicitFileType = wrapper.application; includeInIndex = 0; path = RallyTeamStatus.app; sourceTree = BUILT_PRODUCTS_DIR; };
		BCB0317D1760CE6700FAEBDB /* UIKit.framework */ = {isa = PBXFileReference; lastKnownFileType = wrapper.framework; name = UIKit.framework; path = System/Library/Frameworks/UIKit.framework; sourceTree = SDKROOT; };
		BCB0317F1760CE6700FAEBDB /* Foundation.framework */ = {isa = PBXFileReference; lastKnownFileType = wrapper.framework; name = Foundation.framework; path = System/Library/Frameworks/Foundation.framework; sourceTree = SDKROOT; };
		BCB031811760CE6700FAEBDB /* CoreGraphics.framework */ = {isa = PBXFileReference; lastKnownFileType = wrapper.framework; name = CoreGraphics.framework; path = System/Library/Frameworks/CoreGraphics.framework; sourceTree = SDKROOT; };
		BCB031851760CE6700FAEBDB /* RallyTeamStatus-Info.plist */ = {isa = PBXFileReference; lastKnownFileType = text.plist.xml; path = "RallyTeamStatus-Info.plist"; sourceTree = "<group>"; };
		BCB031871760CE6700FAEBDB /* en */ = {isa = PBXFileReference; lastKnownFileType = text.plist.strings; name = en; path = en.lproj/InfoPlist.strings; sourceTree = "<group>"; };
		BCB031891760CE6700FAEBDB /* main.m */ = {isa = PBXFileReference; lastKnownFileType = sourcecode.c.objc; path = main.m; sourceTree = "<group>"; };
		BCB0318B1760CE6700FAEBDB /* RallyTeamStatus-Prefix.pch */ = {isa = PBXFileReference; lastKnownFileType = sourcecode.c.h; path = "RallyTeamStatus-Prefix.pch"; sourceTree = "<group>"; };
		BCB0318C1760CE6700FAEBDB /* AppDelegate.h */ = {isa = PBXFileReference; lastKnownFileType = sourcecode.c.h; path = AppDelegate.h; sourceTree = "<group>"; };
		BCB0318D1760CE6700FAEBDB /* AppDelegate.m */ = {isa = PBXFileReference; lastKnownFileType = sourcecode.c.objc; path = AppDelegate.m; sourceTree = "<group>"; };
		BCB0318F1760CE6700FAEBDB /* Default.png */ = {isa = PBXFileReference; lastKnownFileType = image.png; path = Default.png; sourceTree = "<group>"; };
		BCB031911760CE6700FAEBDB /* Default@2x.png */ = {isa = PBXFileReference; lastKnownFileType = image.png; path = "Default@2x.png"; sourceTree = "<group>"; };
		BCB031931760CE6700FAEBDB /* Default-568h@2x.png */ = {isa = PBXFileReference; lastKnownFileType = image.png; path = "Default-568h@2x.png"; sourceTree = "<group>"; };
		BCB031961760CE6700FAEBDB /* en */ = {isa = PBXFileReference; lastKnownFileType = file.storyboard; name = en; path = en.lproj/MainStoryboard.storyboard; sourceTree = "<group>"; };
		BCB031A21760CF1100FAEBDB /* ArtifactTableViewController.h */ = {isa = PBXFileReference; fileEncoding = 4; lastKnownFileType = sourcecode.c.h; name = ArtifactTableViewController.h; path = "View Controllers/ArtifactTableViewController.h"; sourceTree = "<group>"; };
		BCB031A31760CF1100FAEBDB /* ArtifactTableViewController.m */ = {isa = PBXFileReference; fileEncoding = 4; lastKnownFileType = sourcecode.c.objc; name = ArtifactTableViewController.m; path = "View Controllers/ArtifactTableViewController.m"; sourceTree = "<group>"; };
		BCB031A51760CF5A00FAEBDB /* ArtifactSummaryViewController.h */ = {isa = PBXFileReference; fileEncoding = 4; lastKnownFileType = sourcecode.c.h; name = ArtifactSummaryViewController.h; path = "View Controllers/ArtifactSummaryViewController.h"; sourceTree = "<group>"; };
		BCB031A61760CF5A00FAEBDB /* ArtifactSummaryViewController.m */ = {isa = PBXFileReference; fileEncoding = 4; lastKnownFileType = sourcecode.c.objc; name = ArtifactSummaryViewController.m; path = "View Controllers/ArtifactSummaryViewController.m"; sourceTree = "<group>"; };
		BCB031A91760CFD000FAEBDB /* RallyLookbackArtifact.h */ = {isa = PBXFileReference; fileEncoding = 4; lastKnownFileType = sourcecode.c.h; name = RallyLookbackArtifact.h; path = Rally/RallyLookbackArtifact.h; sourceTree = "<group>"; };
		BCB031AA1760CFD000FAEBDB /* RallyLookbackArtifact.m */ = {isa = PBXFileReference; fileEncoding = 4; lastKnownFileType = sourcecode.c.objc; name = RallyLookbackArtifact.m; path = Rally/RallyLookbackArtifact.m; sourceTree = "<group>"; };
		BCB031AC1760D07F00FAEBDB /* RallyArtifactStore.h */ = {isa = PBXFileReference; fileEncoding = 4; lastKnownFileType = sourcecode.c.h; name = RallyArtifactStore.h; path = Rally/RallyArtifactStore.h; sourceTree = "<group>"; };
		BCB031AD1760D07F00FAEBDB /* RallyArtifactStore.m */ = {isa = PBXFileReference; fileEncoding = 4; lastKnownFileType = sourcecode.c.objc; name = RallyArtifactStore.m; path = Rally/RallyArtifactStore.m; sourceTree = "<group>"; };
		BCB031B01760D1AA00FAEBDB /* LookbackApiClient.h */ = {isa = PBXFileReference; fileEncoding = 4; lastKnownFileType = sourcecode.c.h; name = LookbackApiClient.h; path = Rally/LookbackApiClient.h; sourceTree = "<group>"; };
		BCB031B11760D1AA00FAEBDB /* LookbackApiClient.m */ = {isa = PBXFileReference; fileEncoding = 4; lastKnownFileType = sourcecode.c.objc; name = LookbackApiClient.m; path = Rally/LookbackApiClient.m; sourceTree = "<group>"; };
		BCB031B71761079D00FAEBDB /* ArtifactTableViewCell.h */ = {isa = PBXFileReference; fileEncoding = 4; lastKnownFileType = sourcecode.c.h; name = ArtifactTableViewCell.h; path = Views/ArtifactTableViewCell.h; sourceTree = "<group>"; };
		BCB031B81761079D00FAEBDB /* ArtifactTableViewCell.m */ = {isa = PBXFileReference; fileEncoding = 4; lastKnownFileType = sourcecode.c.objc; name = ArtifactTableViewCell.m; path = Views/ArtifactTableViewCell.m; sourceTree = "<group>"; };
		BCB031BA176107D700FAEBDB /* ArtifactTableViewCell.xib */ = {isa = PBXFileReference; fileEncoding = 4; lastKnownFileType = file.xib; name = ArtifactTableViewCell.xib; path = Views/ArtifactTableViewCell.xib; sourceTree = "<group>"; };
		BCB031BC17611F9100FAEBDB /* WSAPIClient.h */ = {isa = PBXFileReference; fileEncoding = 4; lastKnownFileType = sourcecode.c.h; name = WSAPIClient.h; path = Rally/WSAPIClient.h; sourceTree = "<group>"; };
		BCB031BD17611F9100FAEBDB /* WSAPIClient.m */ = {isa = PBXFileReference; fileEncoding = 4; lastKnownFileType = sourcecode.c.objc; name = WSAPIClient.m; path = Rally/WSAPIClient.m; sourceTree = "<group>"; };
		BCB031BF1762164C00FAEBDB /* RallyWSAPIArtifact.h */ = {isa = PBXFileReference; fileEncoding = 4; lastKnownFileType = sourcecode.c.h; name = RallyWSAPIArtifact.h; path = Rally/RallyWSAPIArtifact.h; sourceTree = "<group>"; };
		BCB031C01762164C00FAEBDB /* RallyWSAPIArtifact.m */ = {isa = PBXFileReference; fileEncoding = 4; lastKnownFileType = sourcecode.c.objc; name = RallyWSAPIArtifact.m; path = Rally/RallyWSAPIArtifact.m; sourceTree = "<group>"; };
/* End PBXFileReference section */

/* Begin PBXFrameworksBuildPhase section */
		BCB031771760CE6700FAEBDB /* Frameworks */ = {
			isa = PBXFrameworksBuildPhase;
			buildActionMask = 2147483647;
			files = (
				BCB0317E1760CE6700FAEBDB /* UIKit.framework in Frameworks */,
				BCB031801760CE6700FAEBDB /* Foundation.framework in Frameworks */,
				BCB031821760CE6700FAEBDB /* CoreGraphics.framework in Frameworks */,
				37228B2E0FC441F59539440C /* libPods.a in Frameworks */,
			);
			runOnlyForDeploymentPostprocessing = 0;
		};
/* End PBXFrameworksBuildPhase section */

/* Begin PBXGroup section */
		BCB031711760CE6700FAEBDB = {
			isa = PBXGroup;
			children = (
				BCB031831760CE6700FAEBDB /* RallyTeamStatus */,
				BCB0317C1760CE6700FAEBDB /* Frameworks */,
				BCB0317B1760CE6700FAEBDB /* Products */,
				5EF073E5ABE14EA4BEEF3705 /* Pods.xcconfig */,
			);
			sourceTree = "<group>";
		};
		BCB0317B1760CE6700FAEBDB /* Products */ = {
			isa = PBXGroup;
			children = (
				BCB0317A1760CE6700FAEBDB /* RallyTeamStatus.app */,
			);
			name = Products;
			sourceTree = "<group>";
		};
		BCB0317C1760CE6700FAEBDB /* Frameworks */ = {
			isa = PBXGroup;
			children = (
				BCB0317D1760CE6700FAEBDB /* UIKit.framework */,
				BCB0317F1760CE6700FAEBDB /* Foundation.framework */,
				BCB031811760CE6700FAEBDB /* CoreGraphics.framework */,
				02369A65059D452D874E80C9 /* libPods.a */,
			);
			name = Frameworks;
			sourceTree = "<group>";
		};
		BCB031831760CE6700FAEBDB /* RallyTeamStatus */ = {
			isa = PBXGroup;
			children = (
				BCB031B31761073F00FAEBDB /* Views */,
				BCB031A11760CEB200FAEBDB /* Rally */,
				BCB031A01760CEAA00FAEBDB /* View Controllers */,
				BCB0318C1760CE6700FAEBDB /* AppDelegate.h */,
				BCB0318D1760CE6700FAEBDB /* AppDelegate.m */,
				BCB031951760CE6700FAEBDB /* MainStoryboard.storyboard */,
				BCB031841760CE6700FAEBDB /* Supporting Files */,
			);
			path = RallyTeamStatus;
			sourceTree = "<group>";
		};
		BCB031841760CE6700FAEBDB /* Supporting Files */ = {
			isa = PBXGroup;
			children = (
				BCB031851760CE6700FAEBDB /* RallyTeamStatus-Info.plist */,
				BCB031861760CE6700FAEBDB /* InfoPlist.strings */,
				BCB031891760CE6700FAEBDB /* main.m */,
				BCB0318B1760CE6700FAEBDB /* RallyTeamStatus-Prefix.pch */,
				BCB0318F1760CE6700FAEBDB /* Default.png */,
				BCB031911760CE6700FAEBDB /* Default@2x.png */,
				BCB031931760CE6700FAEBDB /* Default-568h@2x.png */,
			);
			name = "Supporting Files";
			sourceTree = "<group>";
		};
		BCB031A01760CEAA00FAEBDB /* View Controllers */ = {
			isa = PBXGroup;
			children = (
				BCB031A21760CF1100FAEBDB /* ArtifactTableViewController.h */,
				BCB031A31760CF1100FAEBDB /* ArtifactTableViewController.m */,
				BCB031A51760CF5A00FAEBDB /* ArtifactSummaryViewController.h */,
				BCB031A61760CF5A00FAEBDB /* ArtifactSummaryViewController.m */,
			);
			name = "View Controllers";
			sourceTree = "<group>";
		};
		BCB031A11760CEB200FAEBDB /* Rally */ = {
			isa = PBXGroup;
			children = (
				BCB031AF1760D18F00FAEBDB /* Artifact */,
				BCB031B01760D1AA00FAEBDB /* LookbackApiClient.h */,
				BCB031B11760D1AA00FAEBDB /* LookbackApiClient.m */,
				BCB031BC17611F9100FAEBDB /* WSAPIClient.h */,
				BCB031BD17611F9100FAEBDB /* WSAPIClient.m */,
			);
			name = Rally;
			sourceTree = "<group>";
		};
		BCB031AF1760D18F00FAEBDB /* Artifact */ = {
			isa = PBXGroup;
			children = (
				BCB031A91760CFD000FAEBDB /* RallyLookbackArtifact.h */,
				BCB031AA1760CFD000FAEBDB /* RallyLookbackArtifact.m */,
				BCB031AC1760D07F00FAEBDB /* RallyArtifactStore.h */,
				BCB031AD1760D07F00FAEBDB /* RallyArtifactStore.m */,
				BCB031BF1762164C00FAEBDB /* RallyWSAPIArtifact.h */,
				BCB031C01762164C00FAEBDB /* RallyWSAPIArtifact.m */,
			);
			name = Artifact;
			sourceTree = "<group>";
		};
		BCB031B31761073F00FAEBDB /* Views */ = {
			isa = PBXGroup;
			children = (
				BCB031B71761079D00FAEBDB /* ArtifactTableViewCell.h */,
				BCB031B81761079D00FAEBDB /* ArtifactTableViewCell.m */,
				BCB031BA176107D700FAEBDB /* ArtifactTableViewCell.xib */,
			);
			name = Views;
			sourceTree = "<group>";
		};
/* End PBXGroup section */

/* Begin PBXNativeTarget section */
		BCB031791760CE6700FAEBDB /* RallyTeamStatus */ = {
			isa = PBXNativeTarget;
			buildConfigurationList = BCB0319D1760CE6700FAEBDB /* Build configuration list for PBXNativeTarget "RallyTeamStatus" */;
			buildPhases = (
				EED7E29B3BEB47348B1643E0 /* Check Pods Manifest.lock */,
				BCB031761760CE6700FAEBDB /* Sources */,
				BCB031771760CE6700FAEBDB /* Frameworks */,
				BCB031781760CE6700FAEBDB /* Resources */,
				48135C198EBD40729D5ABD2A /* Copy Pods Resources */,
			);
			buildRules = (
			);
			dependencies = (
			);
			name = RallyTeamStatus;
			productName = RallyTeamStatus;
			productReference = BCB0317A1760CE6700FAEBDB /* RallyTeamStatus.app */;
			productType = "com.apple.product-type.application";
		};
/* End PBXNativeTarget section */

/* Begin PBXProject section */
		BCB031721760CE6700FAEBDB /* Project object */ = {
			isa = PBXProject;
			attributes = {
				LastUpgradeCheck = 0460;
				ORGANIZATIONNAME = "Rally Software";
			};
			buildConfigurationList = BCB031751760CE6700FAEBDB /* Build configuration list for PBXProject "RallyTeamStatus" */;
			compatibilityVersion = "Xcode 3.2";
			developmentRegion = English;
			hasScannedForEncodings = 0;
			knownRegions = (
				en,
			);
			mainGroup = BCB031711760CE6700FAEBDB;
			productRefGroup = BCB0317B1760CE6700FAEBDB /* Products */;
			projectDirPath = "";
			projectRoot = "";
			targets = (
				BCB031791760CE6700FAEBDB /* RallyTeamStatus */,
			);
		};
/* End PBXProject section */

/* Begin PBXResourcesBuildPhase section */
		BCB031781760CE6700FAEBDB /* Resources */ = {
			isa = PBXResourcesBuildPhase;
			buildActionMask = 2147483647;
			files = (
				BCB031881760CE6700FAEBDB /* InfoPlist.strings in Resources */,
				BCB031901760CE6700FAEBDB /* Default.png in Resources */,
				BCB031921760CE6700FAEBDB /* Default@2x.png in Resources */,
				BCB031941760CE6700FAEBDB /* Default-568h@2x.png in Resources */,
				BCB031971760CE6700FAEBDB /* MainStoryboard.storyboard in Resources */,
				BCB031BB176107D700FAEBDB /* ArtifactTableViewCell.xib in Resources */,
			);
			runOnlyForDeploymentPostprocessing = 0;
		};
/* End PBXResourcesBuildPhase section */

/* Begin PBXShellScriptBuildPhase section */
		48135C198EBD40729D5ABD2A /* Copy Pods Resources */ = {
			isa = PBXShellScriptBuildPhase;
			buildActionMask = 2147483647;
			files = (
			);
			inputPaths = (
			);
			name = "Copy Pods Resources";
			outputPaths = (
			);
			runOnlyForDeploymentPostprocessing = 0;
			shellPath = /bin/sh;
			shellScript = "\"${SRCROOT}/Pods/Pods-resources.sh\"\n";
		};
		EED7E29B3BEB47348B1643E0 /* Check Pods Manifest.lock */ = {
			isa = PBXShellScriptBuildPhase;
			buildActionMask = 2147483647;
			files = (
			);
			inputPaths = (
			);
			name = "Check Pods Manifest.lock";
			outputPaths = (
			);
			runOnlyForDeploymentPostprocessing = 0;
			shellPath = /bin/sh;
			shellScript = "diff \"${PODS_ROOT}/../Podfile.lock\" \"${PODS_ROOT}/Manifest.lock\" > /dev/null\nif [[ $? != 0 ]] ; then\n    cat << EOM\nerror: The sandbox is not in sync with the Podfile.lock. Run 'pod install' or update your CocoaPods installation.\nEOM\n    exit 1\nfi\n";
		};
/* End PBXShellScriptBuildPhase section */

/* Begin PBXSourcesBuildPhase section */
		BCB031761760CE6700FAEBDB /* Sources */ = {
			isa = PBXSourcesBuildPhase;
			buildActionMask = 2147483647;
			files = (
				BCB0318A1760CE6700FAEBDB /* main.m in Sources */,
				BCB0318E1760CE6700FAEBDB /* AppDelegate.m in Sources */,
				BCB031A41760CF1100FAEBDB /* ArtifactTableViewController.m in Sources */,
				BCB031A71760CF5A00FAEBDB /* ArtifactSummaryViewController.m in Sources */,
				BCB031AB1760CFD000FAEBDB /* RallyLookbackArtifact.m in Sources */,
				BCB031AE1760D07F00FAEBDB /* RallyArtifactStore.m in Sources */,
				BCB031B21760D1AA00FAEBDB /* LookbackApiClient.m in Sources */,
				BCB031B91761079D00FAEBDB /* ArtifactTableViewCell.m in Sources */,
				BCB031BE17611F9100FAEBDB /* WSAPIClient.m in Sources */,
				BCB031C11762164C00FAEBDB /* RallyWSAPIArtifact.m in Sources */,
			);
			runOnlyForDeploymentPostprocessing = 0;
		};
/* End PBXSourcesBuildPhase section */

/* Begin PBXVariantGroup section */
		BCB031861760CE6700FAEBDB /* InfoPlist.strings */ = {
			isa = PBXVariantGroup;
			children = (
				BCB031871760CE6700FAEBDB /* en */,
			);
			name = InfoPlist.strings;
			sourceTree = "<group>";
		};
		BCB031951760CE6700FAEBDB /* MainStoryboard.storyboard */ = {
			isa = PBXVariantGroup;
			children = (
				BCB031961760CE6700FAEBDB /* en */,
			);
			name = MainStoryboard.storyboard;
			sourceTree = "<group>";
		};
/* End PBXVariantGroup section */

/* Begin XCBuildConfiguration section */
		BCB0319B1760CE6700FAEBDB /* Debug */ = {
			isa = XCBuildConfiguration;
			buildSettings = {
				ALWAYS_SEARCH_USER_PATHS = NO;
				CLANG_CXX_LANGUAGE_STANDARD = "gnu++0x";
				CLANG_CXX_LIBRARY = "libc++";
				CLANG_ENABLE_OBJC_ARC = YES;
				CLANG_WARN_CONSTANT_CONVERSION = YES;
				CLANG_WARN_EMPTY_BODY = YES;
				CLANG_WARN_ENUM_CONVERSION = YES;
				CLANG_WARN_INT_CONVERSION = YES;
				CLANG_WARN__DUPLICATE_METHOD_MATCH = YES;
				"CODE_SIGN_IDENTITY[sdk=iphoneos*]" = "iPhone Developer";
				COPY_PHASE_STRIP = NO;
				GCC_C_LANGUAGE_STANDARD = gnu99;
				GCC_DYNAMIC_NO_PIC = NO;
				GCC_OPTIMIZATION_LEVEL = 0;
				GCC_PREPROCESSOR_DEFINITIONS = (
					"DEBUG=1",
					"$(inherited)",
				);
				GCC_SYMBOLS_PRIVATE_EXTERN = NO;
				GCC_WARN_ABOUT_RETURN_TYPE = YES;
				GCC_WARN_UNINITIALIZED_AUTOS = YES;
				GCC_WARN_UNUSED_VARIABLE = YES;
				IPHONEOS_DEPLOYMENT_TARGET = 6.1;
				ONLY_ACTIVE_ARCH = YES;
				SDKROOT = iphoneos;
			};
			name = Debug;
		};
		BCB0319C1760CE6700FAEBDB /* Release */ = {
			isa = XCBuildConfiguration;
			buildSettings = {
				ALWAYS_SEARCH_USER_PATHS = NO;
				CLANG_CXX_LANGUAGE_STANDARD = "gnu++0x";
				CLANG_CXX_LIBRARY = "libc++";
				CLANG_ENABLE_OBJC_ARC = YES;
				CLANG_WARN_CONSTANT_CONVERSION = YES;
				CLANG_WARN_EMPTY_BODY = YES;
				CLANG_WARN_ENUM_CONVERSION = YES;
				CLANG_WARN_INT_CONVERSION = YES;
				CLANG_WARN__DUPLICATE_METHOD_MATCH = YES;
				"CODE_SIGN_IDENTITY[sdk=iphoneos*]" = "iPhone Developer";
				COPY_PHASE_STRIP = YES;
				GCC_C_LANGUAGE_STANDARD = gnu99;
				GCC_WARN_ABOUT_RETURN_TYPE = YES;
				GCC_WARN_UNINITIALIZED_AUTOS = YES;
				GCC_WARN_UNUSED_VARIABLE = YES;
				IPHONEOS_DEPLOYMENT_TARGET = 6.1;
				OTHER_CFLAGS = "-DNS_BLOCK_ASSERTIONS=1";
				SDKROOT = iphoneos;
				VALIDATE_PRODUCT = YES;
			};
			name = Release;
		};
		BCB0319E1760CE6700FAEBDB /* Debug */ = {
			isa = XCBuildConfiguration;
			baseConfigurationReference = 5EF073E5ABE14EA4BEEF3705 /* Pods.xcconfig */;
			buildSettings = {
				GCC_PRECOMPILE_PREFIX_HEADER = YES;
				GCC_PREFIX_HEADER = "RallyTeamStatus/RallyTeamStatus-Prefix.pch";
				INFOPLIST_FILE = "RallyTeamStatus/RallyTeamStatus-Info.plist";
				PRODUCT_NAME = "$(TARGET_NAME)";
				WRAPPER_EXTENSION = app;
			};
			name = Debug;
		};
		BCB0319F1760CE6700FAEBDB /* Release */ = {
			isa = XCBuildConfiguration;
			baseConfigurationReference = 5EF073E5ABE14EA4BEEF3705 /* Pods.xcconfig */;
			buildSettings = {
				GCC_PRECOMPILE_PREFIX_HEADER = YES;
				GCC_PREFIX_HEADER = "RallyTeamStatus/RallyTeamStatus-Prefix.pch";
				INFOPLIST_FILE = "RallyTeamStatus/RallyTeamStatus-Info.plist";
				PRODUCT_NAME = "$(TARGET_NAME)";
				WRAPPER_EXTENSION = app;
			};
			name = Release;
		};
/* End XCBuildConfiguration section */

/* Begin XCConfigurationList section */
		BCB031751760CE6700FAEBDB /* Build configuration list for PBXProject "RallyTeamStatus" */ = {
			isa = XCConfigurationList;
			buildConfigurations = (
				BCB0319B1760CE6700FAEBDB /* Debug */,
				BCB0319C1760CE6700FAEBDB /* Release */,
			);
			defaultConfigurationIsVisible = 0;
			defaultConfigurationName = Release;
		};
		BCB0319D1760CE6700FAEBDB /* Build configuration list for PBXNativeTarget "RallyTeamStatus" */ = {
			isa = XCConfigurationList;
			buildConfigurations = (
				BCB0319E1760CE6700FAEBDB /* Debug */,
				BCB0319F1760CE6700FAEBDB /* Release */,
			);
			defaultConfigurationIsVisible = 0;
			defaultConfigurationName = Release;
		};
/* End XCConfigurationList section */
	};
	rootObject = BCB031721760CE6700FAEBDB /* Project object */;
}
