<?xml version="1.0" encoding="UTF-8"?>
<!DOCTYPE plist PUBLIC "-//Apple//DTD PLIST 1.0//EN" "http://www.apple.com/DTDs/PropertyList-1.0.dtd">
<plist version="1.0">
<dict>
	<key>archiveVersion</key>
	<string>1</string>
	<key>classes</key>
	<dict/>
	<key>objectVersion</key>
	<string>46</string>
	<key>objects</key>
	<dict>
		<key>02369A65059D452D874E80C9</key>
		<dict>
			<key>explicitFileType</key>
			<string>archive.ar</string>
			<key>includeInIndex</key>
			<string>0</string>
			<key>isa</key>
			<string>PBXFileReference</string>
			<key>name</key>
			<string>libPods.a</string>
			<key>path</key>
			<string>libPods.a</string>
			<key>sourceTree</key>
			<string>BUILT_PRODUCTS_DIR</string>
		</dict>
		<key>37228B2E0FC441F59539440C</key>
		<dict>
			<key>fileRef</key>
			<string>02369A65059D452D874E80C9</string>
			<key>isa</key>
			<string>PBXBuildFile</string>
			<key>settings</key>
			<dict/>
		</dict>
		<key>48135C198EBD40729D5ABD2A</key>
		<dict>
			<key>buildActionMask</key>
			<string>2147483647</string>
			<key>files</key>
			<array/>
			<key>inputPaths</key>
			<array/>
			<key>isa</key>
			<string>PBXShellScriptBuildPhase</string>
			<key>name</key>
			<string>Copy Pods Resources</string>
			<key>outputPaths</key>
			<array/>
			<key>runOnlyForDeploymentPostprocessing</key>
			<string>0</string>
			<key>shellPath</key>
			<string>/bin/sh</string>
			<key>shellScript</key>
			<string>"${SRCROOT}/Pods/Pods-resources.sh"
</string>
			<key>showEnvVarsInLog</key>
			<string>1</string>
		</dict>
		<key>5EF073E5ABE14EA4BEEF3705</key>
		<dict>
			<key>includeInIndex</key>
			<string>1</string>
			<key>isa</key>
			<string>PBXFileReference</string>
			<key>lastKnownFileType</key>
			<string>text.xcconfig</string>
			<key>name</key>
			<string>Pods.xcconfig</string>
			<key>path</key>
			<string>Pods/Pods.xcconfig</string>
			<key>sourceTree</key>
			<string>SOURCE_ROOT</string>
		</dict>
		<key>BCB031711760CE6700FAEBDB</key>
		<dict>
			<key>children</key>
			<array>
				<string>BCB031831760CE6700FAEBDB</string>
				<string>BCB0317C1760CE6700FAEBDB</string>
				<string>BCB0317B1760CE6700FAEBDB</string>
				<string>5EF073E5ABE14EA4BEEF3705</string>
			</array>
			<key>isa</key>
			<string>PBXGroup</string>
			<key>sourceTree</key>
			<string>&lt;group&gt;</string>
		</dict>
		<key>BCB031721760CE6700FAEBDB</key>
		<dict>
			<key>attributes</key>
			<dict>
				<key>LastUpgradeCheck</key>
				<string>0460</string>
				<key>ORGANIZATIONNAME</key>
				<string>Rally Software</string>
			</dict>
			<key>buildConfigurationList</key>
			<string>BCB031751760CE6700FAEBDB</string>
			<key>compatibilityVersion</key>
			<string>Xcode 3.2</string>
			<key>developmentRegion</key>
			<string>English</string>
			<key>hasScannedForEncodings</key>
			<string>0</string>
			<key>isa</key>
			<string>PBXProject</string>
			<key>knownRegions</key>
			<array>
				<string>en</string>
			</array>
			<key>mainGroup</key>
			<string>BCB031711760CE6700FAEBDB</string>
			<key>productRefGroup</key>
			<string>BCB0317B1760CE6700FAEBDB</string>
			<key>projectDirPath</key>
			<string></string>
			<key>projectReferences</key>
			<array/>
			<key>projectRoot</key>
			<string></string>
			<key>targets</key>
			<array>
				<string>BCB031791760CE6700FAEBDB</string>
			</array>
		</dict>
		<key>BCB031751760CE6700FAEBDB</key>
		<dict>
			<key>buildConfigurations</key>
			<array>
				<string>BCB0319B1760CE6700FAEBDB</string>
				<string>BCB0319C1760CE6700FAEBDB</string>
			</array>
			<key>defaultConfigurationIsVisible</key>
			<string>0</string>
			<key>defaultConfigurationName</key>
			<string>Release</string>
			<key>isa</key>
			<string>XCConfigurationList</string>
		</dict>
		<key>BCB031761760CE6700FAEBDB</key>
		<dict>
			<key>buildActionMask</key>
			<string>2147483647</string>
			<key>files</key>
			<array>
				<string>BCB0318A1760CE6700FAEBDB</string>
				<string>BCB0318E1760CE6700FAEBDB</string>
				<string>BCB031A41760CF1100FAEBDB</string>
				<string>BCB031A71760CF5A00FAEBDB</string>
				<string>BCB031AB1760CFD000FAEBDB</string>
				<string>BCB031AE1760D07F00FAEBDB</string>
				<string>BCB031B21760D1AA00FAEBDB</string>
			</array>
			<key>isa</key>
			<string>PBXSourcesBuildPhase</string>
			<key>runOnlyForDeploymentPostprocessing</key>
			<string>0</string>
		</dict>
		<key>BCB031771760CE6700FAEBDB</key>
		<dict>
			<key>buildActionMask</key>
			<string>2147483647</string>
			<key>files</key>
			<array>
				<string>BCB0317E1760CE6700FAEBDB</string>
				<string>BCB031801760CE6700FAEBDB</string>
				<string>BCB031821760CE6700FAEBDB</string>
				<string>37228B2E0FC441F59539440C</string>
			</array>
			<key>isa</key>
			<string>PBXFrameworksBuildPhase</string>
			<key>runOnlyForDeploymentPostprocessing</key>
			<string>0</string>
		</dict>
		<key>BCB031781760CE6700FAEBDB</key>
		<dict>
			<key>buildActionMask</key>
			<string>2147483647</string>
			<key>files</key>
			<array>
				<string>BCB031881760CE6700FAEBDB</string>
				<string>BCB031901760CE6700FAEBDB</string>
				<string>BCB031921760CE6700FAEBDB</string>
				<string>BCB031941760CE6700FAEBDB</string>
				<string>BCB031971760CE6700FAEBDB</string>
			</array>
			<key>isa</key>
			<string>PBXResourcesBuildPhase</string>
			<key>runOnlyForDeploymentPostprocessing</key>
			<string>0</string>
		</dict>
		<key>BCB031791760CE6700FAEBDB</key>
		<dict>
			<key>buildConfigurationList</key>
			<string>BCB0319D1760CE6700FAEBDB</string>
			<key>buildPhases</key>
			<array>
				<string>EED7E29B3BEB47348B1643E0</string>
				<string>BCB031761760CE6700FAEBDB</string>
				<string>BCB031771760CE6700FAEBDB</string>
				<string>BCB031781760CE6700FAEBDB</string>
				<string>48135C198EBD40729D5ABD2A</string>
			</array>
			<key>buildRules</key>
			<array/>
			<key>dependencies</key>
			<array/>
			<key>isa</key>
			<string>PBXNativeTarget</string>
			<key>name</key>
			<string>RallyTeamStatus</string>
			<key>productName</key>
			<string>RallyTeamStatus</string>
			<key>productReference</key>
			<string>BCB0317A1760CE6700FAEBDB</string>
			<key>productType</key>
			<string>com.apple.product-type.application</string>
		</dict>
		<key>BCB0317A1760CE6700FAEBDB</key>
		<dict>
			<key>explicitFileType</key>
			<string>wrapper.application</string>
			<key>includeInIndex</key>
			<string>0</string>
			<key>isa</key>
			<string>PBXFileReference</string>
			<key>path</key>
			<string>RallyTeamStatus.app</string>
			<key>sourceTree</key>
			<string>BUILT_PRODUCTS_DIR</string>
		</dict>
		<key>BCB0317B1760CE6700FAEBDB</key>
		<dict>
			<key>children</key>
			<array>
				<string>BCB0317A1760CE6700FAEBDB</string>
			</array>
			<key>isa</key>
			<string>PBXGroup</string>
			<key>name</key>
			<string>Products</string>
			<key>sourceTree</key>
			<string>&lt;group&gt;</string>
		</dict>
		<key>BCB0317C1760CE6700FAEBDB</key>
		<dict>
			<key>children</key>
			<array>
				<string>BCB0317D1760CE6700FAEBDB</string>
				<string>BCB0317F1760CE6700FAEBDB</string>
				<string>BCB031811760CE6700FAEBDB</string>
				<string>02369A65059D452D874E80C9</string>
			</array>
			<key>isa</key>
			<string>PBXGroup</string>
			<key>name</key>
			<string>Frameworks</string>
			<key>sourceTree</key>
			<string>&lt;group&gt;</string>
		</dict>
		<key>BCB0317D1760CE6700FAEBDB</key>
		<dict>
			<key>isa</key>
			<string>PBXFileReference</string>
			<key>lastKnownFileType</key>
			<string>wrapper.framework</string>
			<key>name</key>
			<string>UIKit.framework</string>
			<key>path</key>
			<string>System/Library/Frameworks/UIKit.framework</string>
			<key>sourceTree</key>
			<string>SDKROOT</string>
		</dict>
		<key>BCB0317E1760CE6700FAEBDB</key>
		<dict>
			<key>fileRef</key>
			<string>BCB0317D1760CE6700FAEBDB</string>
			<key>isa</key>
			<string>PBXBuildFile</string>
		</dict>
		<key>BCB0317F1760CE6700FAEBDB</key>
		<dict>
			<key>isa</key>
			<string>PBXFileReference</string>
			<key>lastKnownFileType</key>
			<string>wrapper.framework</string>
			<key>name</key>
			<string>Foundation.framework</string>
			<key>path</key>
			<string>System/Library/Frameworks/Foundation.framework</string>
			<key>sourceTree</key>
			<string>SDKROOT</string>
		</dict>
		<key>BCB031801760CE6700FAEBDB</key>
		<dict>
			<key>fileRef</key>
			<string>BCB0317F1760CE6700FAEBDB</string>
			<key>isa</key>
			<string>PBXBuildFile</string>
		</dict>
		<key>BCB031811760CE6700FAEBDB</key>
		<dict>
			<key>isa</key>
			<string>PBXFileReference</string>
			<key>lastKnownFileType</key>
			<string>wrapper.framework</string>
			<key>name</key>
			<string>CoreGraphics.framework</string>
			<key>path</key>
			<string>System/Library/Frameworks/CoreGraphics.framework</string>
			<key>sourceTree</key>
			<string>SDKROOT</string>
		</dict>
		<key>BCB031821760CE6700FAEBDB</key>
		<dict>
			<key>fileRef</key>
			<string>BCB031811760CE6700FAEBDB</string>
			<key>isa</key>
			<string>PBXBuildFile</string>
		</dict>
		<key>BCB031831760CE6700FAEBDB</key>
		<dict>
			<key>children</key>
			<array>
				<string>BCB031A11760CEB200FAEBDB</string>
				<string>BCB031A01760CEAA00FAEBDB</string>
				<string>BCB0318C1760CE6700FAEBDB</string>
				<string>BCB0318D1760CE6700FAEBDB</string>
				<string>BCB031951760CE6700FAEBDB</string>
				<string>BCB031841760CE6700FAEBDB</string>
			</array>
			<key>isa</key>
			<string>PBXGroup</string>
			<key>path</key>
			<string>RallyTeamStatus</string>
			<key>sourceTree</key>
			<string>&lt;group&gt;</string>
		</dict>
		<key>BCB031841760CE6700FAEBDB</key>
		<dict>
			<key>children</key>
			<array>
				<string>BCB031851760CE6700FAEBDB</string>
				<string>BCB031861760CE6700FAEBDB</string>
				<string>BCB031891760CE6700FAEBDB</string>
				<string>BCB0318B1760CE6700FAEBDB</string>
				<string>BCB0318F1760CE6700FAEBDB</string>
				<string>BCB031911760CE6700FAEBDB</string>
				<string>BCB031931760CE6700FAEBDB</string>
			</array>
			<key>isa</key>
			<string>PBXGroup</string>
			<key>name</key>
			<string>Supporting Files</string>
			<key>sourceTree</key>
			<string>&lt;group&gt;</string>
		</dict>
		<key>BCB031851760CE6700FAEBDB</key>
		<dict>
			<key>isa</key>
			<string>PBXFileReference</string>
			<key>lastKnownFileType</key>
			<string>text.plist.xml</string>
			<key>path</key>
			<string>RallyTeamStatus-Info.plist</string>
			<key>sourceTree</key>
			<string>&lt;group&gt;</string>
		</dict>
		<key>BCB031861760CE6700FAEBDB</key>
		<dict>
			<key>children</key>
			<array>
				<string>BCB031871760CE6700FAEBDB</string>
			</array>
			<key>isa</key>
			<string>PBXVariantGroup</string>
			<key>name</key>
			<string>InfoPlist.strings</string>
			<key>sourceTree</key>
			<string>&lt;group&gt;</string>
		</dict>
		<key>BCB031871760CE6700FAEBDB</key>
		<dict>
			<key>isa</key>
			<string>PBXFileReference</string>
			<key>lastKnownFileType</key>
			<string>text.plist.strings</string>
			<key>name</key>
			<string>en</string>
			<key>path</key>
			<string>en.lproj/InfoPlist.strings</string>
			<key>sourceTree</key>
			<string>&lt;group&gt;</string>
		</dict>
		<key>BCB031881760CE6700FAEBDB</key>
		<dict>
			<key>fileRef</key>
			<string>BCB031861760CE6700FAEBDB</string>
			<key>isa</key>
			<string>PBXBuildFile</string>
		</dict>
		<key>BCB031891760CE6700FAEBDB</key>
		<dict>
			<key>isa</key>
			<string>PBXFileReference</string>
			<key>lastKnownFileType</key>
			<string>sourcecode.c.objc</string>
			<key>path</key>
			<string>main.m</string>
			<key>sourceTree</key>
			<string>&lt;group&gt;</string>
		</dict>
		<key>BCB0318A1760CE6700FAEBDB</key>
		<dict>
			<key>fileRef</key>
			<string>BCB031891760CE6700FAEBDB</string>
			<key>isa</key>
			<string>PBXBuildFile</string>
		</dict>
		<key>BCB0318B1760CE6700FAEBDB</key>
		<dict>
			<key>isa</key>
			<string>PBXFileReference</string>
			<key>lastKnownFileType</key>
			<string>sourcecode.c.h</string>
			<key>path</key>
			<string>RallyTeamStatus-Prefix.pch</string>
			<key>sourceTree</key>
			<string>&lt;group&gt;</string>
		</dict>
		<key>BCB0318C1760CE6700FAEBDB</key>
		<dict>
			<key>isa</key>
			<string>PBXFileReference</string>
			<key>lastKnownFileType</key>
			<string>sourcecode.c.h</string>
			<key>path</key>
			<string>AppDelegate.h</string>
			<key>sourceTree</key>
			<string>&lt;group&gt;</string>
		</dict>
		<key>BCB0318D1760CE6700FAEBDB</key>
		<dict>
			<key>isa</key>
			<string>PBXFileReference</string>
			<key>lastKnownFileType</key>
			<string>sourcecode.c.objc</string>
			<key>path</key>
			<string>AppDelegate.m</string>
			<key>sourceTree</key>
			<string>&lt;group&gt;</string>
		</dict>
		<key>BCB0318E1760CE6700FAEBDB</key>
		<dict>
			<key>fileRef</key>
			<string>BCB0318D1760CE6700FAEBDB</string>
			<key>isa</key>
			<string>PBXBuildFile</string>
		</dict>
		<key>BCB0318F1760CE6700FAEBDB</key>
		<dict>
			<key>isa</key>
			<string>PBXFileReference</string>
			<key>lastKnownFileType</key>
			<string>image.png</string>
			<key>path</key>
			<string>Default.png</string>
			<key>sourceTree</key>
			<string>&lt;group&gt;</string>
		</dict>
		<key>BCB031901760CE6700FAEBDB</key>
		<dict>
			<key>fileRef</key>
			<string>BCB0318F1760CE6700FAEBDB</string>
			<key>isa</key>
			<string>PBXBuildFile</string>
		</dict>
		<key>BCB031911760CE6700FAEBDB</key>
		<dict>
			<key>isa</key>
			<string>PBXFileReference</string>
			<key>lastKnownFileType</key>
			<string>image.png</string>
			<key>path</key>
			<string>Default@2x.png</string>
			<key>sourceTree</key>
			<string>&lt;group&gt;</string>
		</dict>
		<key>BCB031921760CE6700FAEBDB</key>
		<dict>
			<key>fileRef</key>
			<string>BCB031911760CE6700FAEBDB</string>
			<key>isa</key>
			<string>PBXBuildFile</string>
		</dict>
		<key>BCB031931760CE6700FAEBDB</key>
		<dict>
			<key>isa</key>
			<string>PBXFileReference</string>
			<key>lastKnownFileType</key>
			<string>image.png</string>
			<key>path</key>
			<string>Default-568h@2x.png</string>
			<key>sourceTree</key>
			<string>&lt;group&gt;</string>
		</dict>
		<key>BCB031941760CE6700FAEBDB</key>
		<dict>
			<key>fileRef</key>
			<string>BCB031931760CE6700FAEBDB</string>
			<key>isa</key>
			<string>PBXBuildFile</string>
		</dict>
		<key>BCB031951760CE6700FAEBDB</key>
		<dict>
			<key>children</key>
			<array>
				<string>BCB031961760CE6700FAEBDB</string>
			</array>
			<key>isa</key>
			<string>PBXVariantGroup</string>
			<key>name</key>
			<string>MainStoryboard.storyboard</string>
			<key>sourceTree</key>
			<string>&lt;group&gt;</string>
		</dict>
		<key>BCB031961760CE6700FAEBDB</key>
		<dict>
			<key>isa</key>
			<string>PBXFileReference</string>
			<key>lastKnownFileType</key>
			<string>file.storyboard</string>
			<key>name</key>
			<string>en</string>
			<key>path</key>
			<string>en.lproj/MainStoryboard.storyboard</string>
			<key>sourceTree</key>
			<string>&lt;group&gt;</string>
		</dict>
		<key>BCB031971760CE6700FAEBDB</key>
		<dict>
			<key>fileRef</key>
			<string>BCB031951760CE6700FAEBDB</string>
			<key>isa</key>
			<string>PBXBuildFile</string>
		</dict>
		<key>BCB0319B1760CE6700FAEBDB</key>
		<dict>
			<key>buildSettings</key>
			<dict>
				<key>ALWAYS_SEARCH_USER_PATHS</key>
				<string>NO</string>
				<key>CLANG_CXX_LANGUAGE_STANDARD</key>
				<string>gnu++0x</string>
				<key>CLANG_CXX_LIBRARY</key>
				<string>libc++</string>
				<key>CLANG_ENABLE_OBJC_ARC</key>
				<string>YES</string>
				<key>CLANG_WARN_CONSTANT_CONVERSION</key>
				<string>YES</string>
				<key>CLANG_WARN_EMPTY_BODY</key>
				<string>YES</string>
				<key>CLANG_WARN_ENUM_CONVERSION</key>
				<string>YES</string>
				<key>CLANG_WARN_INT_CONVERSION</key>
				<string>YES</string>
				<key>CLANG_WARN__DUPLICATE_METHOD_MATCH</key>
				<string>YES</string>
				<key>CODE_SIGN_IDENTITY[sdk=iphoneos*]</key>
				<string>iPhone Developer</string>
				<key>COPY_PHASE_STRIP</key>
				<string>NO</string>
				<key>GCC_C_LANGUAGE_STANDARD</key>
				<string>gnu99</string>
				<key>GCC_DYNAMIC_NO_PIC</key>
				<string>NO</string>
				<key>GCC_OPTIMIZATION_LEVEL</key>
				<string>0</string>
				<key>GCC_PREPROCESSOR_DEFINITIONS</key>
				<array>
					<string>DEBUG=1</string>
					<string>$(inherited)</string>
				</array>
				<key>GCC_SYMBOLS_PRIVATE_EXTERN</key>
				<string>NO</string>
				<key>GCC_WARN_ABOUT_RETURN_TYPE</key>
				<string>YES</string>
				<key>GCC_WARN_UNINITIALIZED_AUTOS</key>
				<string>YES</string>
				<key>GCC_WARN_UNUSED_VARIABLE</key>
				<string>YES</string>
				<key>IPHONEOS_DEPLOYMENT_TARGET</key>
				<string>6.1</string>
				<key>ONLY_ACTIVE_ARCH</key>
				<string>YES</string>
				<key>SDKROOT</key>
				<string>iphoneos</string>
			</dict>
			<key>isa</key>
			<string>XCBuildConfiguration</string>
			<key>name</key>
			<string>Debug</string>
		</dict>
		<key>BCB0319C1760CE6700FAEBDB</key>
		<dict>
			<key>buildSettings</key>
			<dict>
				<key>ALWAYS_SEARCH_USER_PATHS</key>
				<string>NO</string>
				<key>CLANG_CXX_LANGUAGE_STANDARD</key>
				<string>gnu++0x</string>
				<key>CLANG_CXX_LIBRARY</key>
				<string>libc++</string>
				<key>CLANG_ENABLE_OBJC_ARC</key>
				<string>YES</string>
				<key>CLANG_WARN_CONSTANT_CONVERSION</key>
				<string>YES</string>
				<key>CLANG_WARN_EMPTY_BODY</key>
				<string>YES</string>
				<key>CLANG_WARN_ENUM_CONVERSION</key>
				<string>YES</string>
				<key>CLANG_WARN_INT_CONVERSION</key>
				<string>YES</string>
				<key>CLANG_WARN__DUPLICATE_METHOD_MATCH</key>
				<string>YES</string>
				<key>CODE_SIGN_IDENTITY[sdk=iphoneos*]</key>
				<string>iPhone Developer</string>
				<key>COPY_PHASE_STRIP</key>
				<string>YES</string>
				<key>GCC_C_LANGUAGE_STANDARD</key>
				<string>gnu99</string>
				<key>GCC_WARN_ABOUT_RETURN_TYPE</key>
				<string>YES</string>
				<key>GCC_WARN_UNINITIALIZED_AUTOS</key>
				<string>YES</string>
				<key>GCC_WARN_UNUSED_VARIABLE</key>
				<string>YES</string>
				<key>IPHONEOS_DEPLOYMENT_TARGET</key>
				<string>6.1</string>
				<key>OTHER_CFLAGS</key>
				<string>-DNS_BLOCK_ASSERTIONS=1</string>
				<key>SDKROOT</key>
				<string>iphoneos</string>
				<key>VALIDATE_PRODUCT</key>
				<string>YES</string>
			</dict>
			<key>isa</key>
			<string>XCBuildConfiguration</string>
			<key>name</key>
			<string>Release</string>
		</dict>
		<key>BCB0319D1760CE6700FAEBDB</key>
		<dict>
			<key>buildConfigurations</key>
			<array>
				<string>BCB0319E1760CE6700FAEBDB</string>
				<string>BCB0319F1760CE6700FAEBDB</string>
			</array>
			<key>defaultConfigurationIsVisible</key>
			<string>0</string>
			<key>isa</key>
			<string>XCConfigurationList</string>
		</dict>
		<key>BCB0319E1760CE6700FAEBDB</key>
		<dict>
			<key>baseConfigurationReference</key>
			<string>5EF073E5ABE14EA4BEEF3705</string>
			<key>buildSettings</key>
			<dict>
				<key>GCC_PRECOMPILE_PREFIX_HEADER</key>
				<string>YES</string>
				<key>GCC_PREFIX_HEADER</key>
				<string>RallyTeamStatus/RallyTeamStatus-Prefix.pch</string>
				<key>INFOPLIST_FILE</key>
				<string>RallyTeamStatus/RallyTeamStatus-Info.plist</string>
				<key>PRODUCT_NAME</key>
				<string>$(TARGET_NAME)</string>
				<key>WRAPPER_EXTENSION</key>
				<string>app</string>
			</dict>
			<key>isa</key>
			<string>XCBuildConfiguration</string>
			<key>name</key>
			<string>Debug</string>
		</dict>
		<key>BCB0319F1760CE6700FAEBDB</key>
		<dict>
			<key>baseConfigurationReference</key>
			<string>5EF073E5ABE14EA4BEEF3705</string>
			<key>buildSettings</key>
			<dict>
				<key>GCC_PRECOMPILE_PREFIX_HEADER</key>
				<string>YES</string>
				<key>GCC_PREFIX_HEADER</key>
				<string>RallyTeamStatus/RallyTeamStatus-Prefix.pch</string>
				<key>INFOPLIST_FILE</key>
				<string>RallyTeamStatus/RallyTeamStatus-Info.plist</string>
				<key>PRODUCT_NAME</key>
				<string>$(TARGET_NAME)</string>
				<key>WRAPPER_EXTENSION</key>
				<string>app</string>
			</dict>
			<key>isa</key>
			<string>XCBuildConfiguration</string>
			<key>name</key>
			<string>Release</string>
		</dict>
		<key>BCB031A01760CEAA00FAEBDB</key>
		<dict>
			<key>children</key>
			<array>
				<string>BCB031A21760CF1100FAEBDB</string>
				<string>BCB031A31760CF1100FAEBDB</string>
				<string>BCB031A51760CF5A00FAEBDB</string>
				<string>BCB031A61760CF5A00FAEBDB</string>
			</array>
			<key>isa</key>
			<string>PBXGroup</string>
			<key>name</key>
			<string>View Controllers</string>
			<key>sourceTree</key>
			<string>&lt;group&gt;</string>
		</dict>
		<key>BCB031A11760CEB200FAEBDB</key>
		<dict>
			<key>children</key>
			<array>
				<string>BCB031AF1760D18F00FAEBDB</string>
				<string>BCB031B01760D1AA00FAEBDB</string>
				<string>BCB031B11760D1AA00FAEBDB</string>
			</array>
			<key>isa</key>
			<string>PBXGroup</string>
			<key>name</key>
			<string>Rally</string>
			<key>sourceTree</key>
			<string>&lt;group&gt;</string>
		</dict>
		<key>BCB031A21760CF1100FAEBDB</key>
		<dict>
			<key>fileEncoding</key>
			<string>4</string>
			<key>isa</key>
			<string>PBXFileReference</string>
			<key>lastKnownFileType</key>
			<string>sourcecode.c.h</string>
			<key>name</key>
			<string>ArtifactTableViewController.h</string>
			<key>path</key>
			<string>View Controllers/ArtifactTableViewController.h</string>
			<key>sourceTree</key>
			<string>&lt;group&gt;</string>
		</dict>
		<key>BCB031A31760CF1100FAEBDB</key>
		<dict>
			<key>fileEncoding</key>
			<string>4</string>
			<key>isa</key>
			<string>PBXFileReference</string>
			<key>lastKnownFileType</key>
			<string>sourcecode.c.objc</string>
			<key>name</key>
			<string>ArtifactTableViewController.m</string>
			<key>path</key>
			<string>View Controllers/ArtifactTableViewController.m</string>
			<key>sourceTree</key>
			<string>&lt;group&gt;</string>
		</dict>
		<key>BCB031A41760CF1100FAEBDB</key>
		<dict>
			<key>fileRef</key>
			<string>BCB031A31760CF1100FAEBDB</string>
			<key>isa</key>
			<string>PBXBuildFile</string>
		</dict>
		<key>BCB031A51760CF5A00FAEBDB</key>
		<dict>
			<key>fileEncoding</key>
			<string>4</string>
			<key>isa</key>
			<string>PBXFileReference</string>
			<key>lastKnownFileType</key>
			<string>sourcecode.c.h</string>
			<key>name</key>
			<string>ArtifactSummaryViewController.h</string>
			<key>path</key>
			<string>View Controllers/ArtifactSummaryViewController.h</string>
			<key>sourceTree</key>
			<string>&lt;group&gt;</string>
		</dict>
		<key>BCB031A61760CF5A00FAEBDB</key>
		<dict>
			<key>fileEncoding</key>
			<string>4</string>
			<key>isa</key>
			<string>PBXFileReference</string>
			<key>lastKnownFileType</key>
			<string>sourcecode.c.objc</string>
			<key>name</key>
			<string>ArtifactSummaryViewController.m</string>
			<key>path</key>
			<string>View Controllers/ArtifactSummaryViewController.m</string>
			<key>sourceTree</key>
			<string>&lt;group&gt;</string>
		</dict>
		<key>BCB031A71760CF5A00FAEBDB</key>
		<dict>
			<key>fileRef</key>
			<string>BCB031A61760CF5A00FAEBDB</string>
			<key>isa</key>
			<string>PBXBuildFile</string>
		</dict>
		<key>BCB031A91760CFD000FAEBDB</key>
		<dict>
			<key>fileEncoding</key>
			<string>4</string>
			<key>isa</key>
			<string>PBXFileReference</string>
			<key>lastKnownFileType</key>
			<string>sourcecode.c.h</string>
			<key>name</key>
			<string>RallyArtifact.h</string>
			<key>path</key>
			<string>Rally/RallyArtifact.h</string>
			<key>sourceTree</key>
			<string>&lt;group&gt;</string>
		</dict>
		<key>BCB031AA1760CFD000FAEBDB</key>
		<dict>
			<key>fileEncoding</key>
			<string>4</string>
			<key>isa</key>
			<string>PBXFileReference</string>
			<key>lastKnownFileType</key>
			<string>sourcecode.c.objc</string>
			<key>name</key>
			<string>RallyArtifact.m</string>
			<key>path</key>
			<string>Rally/RallyArtifact.m</string>
			<key>sourceTree</key>
			<string>&lt;group&gt;</string>
		</dict>
		<key>BCB031AB1760CFD000FAEBDB</key>
		<dict>
			<key>fileRef</key>
			<string>BCB031AA1760CFD000FAEBDB</string>
			<key>isa</key>
			<string>PBXBuildFile</string>
		</dict>
		<key>BCB031AC1760D07F00FAEBDB</key>
		<dict>
			<key>fileEncoding</key>
			<string>4</string>
			<key>isa</key>
			<string>PBXFileReference</string>
			<key>lastKnownFileType</key>
			<string>sourcecode.c.h</string>
			<key>name</key>
			<string>RallyArtifactStore.h</string>
			<key>path</key>
			<string>Rally/RallyArtifactStore.h</string>
			<key>sourceTree</key>
			<string>&lt;group&gt;</string>
		</dict>
		<key>BCB031AD1760D07F00FAEBDB</key>
		<dict>
			<key>fileEncoding</key>
			<string>4</string>
			<key>isa</key>
			<string>PBXFileReference</string>
			<key>lastKnownFileType</key>
			<string>sourcecode.c.objc</string>
			<key>name</key>
			<string>RallyArtifactStore.m</string>
			<key>path</key>
			<string>Rally/RallyArtifactStore.m</string>
			<key>sourceTree</key>
			<string>&lt;group&gt;</string>
		</dict>
		<key>BCB031AE1760D07F00FAEBDB</key>
		<dict>
			<key>fileRef</key>
			<string>BCB031AD1760D07F00FAEBDB</string>
			<key>isa</key>
			<string>PBXBuildFile</string>
		</dict>
		<key>BCB031AF1760D18F00FAEBDB</key>
		<dict>
			<key>children</key>
			<array>
				<string>BCB031A91760CFD000FAEBDB</string>
				<string>BCB031AA1760CFD000FAEBDB</string>
				<string>BCB031AC1760D07F00FAEBDB</string>
				<string>BCB031AD1760D07F00FAEBDB</string>
			</array>
			<key>isa</key>
			<string>PBXGroup</string>
			<key>name</key>
			<string>Artifact</string>
			<key>sourceTree</key>
			<string>&lt;group&gt;</string>
		</dict>
		<key>BCB031B01760D1AA00FAEBDB</key>
		<dict>
			<key>fileEncoding</key>
			<string>4</string>
			<key>isa</key>
			<string>PBXFileReference</string>
			<key>lastKnownFileType</key>
			<string>sourcecode.c.h</string>
			<key>name</key>
			<string>LookbackApiClient.h</string>
			<key>path</key>
			<string>Rally/LookbackApiClient.h</string>
			<key>sourceTree</key>
			<string>&lt;group&gt;</string>
		</dict>
		<key>BCB031B11760D1AA00FAEBDB</key>
		<dict>
			<key>fileEncoding</key>
			<string>4</string>
			<key>isa</key>
			<string>PBXFileReference</string>
			<key>lastKnownFileType</key>
			<string>sourcecode.c.objc</string>
			<key>name</key>
			<string>LookbackApiClient.m</string>
			<key>path</key>
			<string>Rally/LookbackApiClient.m</string>
			<key>sourceTree</key>
			<string>&lt;group&gt;</string>
		</dict>
		<key>BCB031B21760D1AA00FAEBDB</key>
		<dict>
			<key>fileRef</key>
			<string>BCB031B11760D1AA00FAEBDB</string>
			<key>isa</key>
			<string>PBXBuildFile</string>
		</dict>
		<key>EED7E29B3BEB47348B1643E0</key>
		<dict>
			<key>buildActionMask</key>
			<string>2147483647</string>
			<key>files</key>
			<array/>
			<key>inputPaths</key>
			<array/>
			<key>isa</key>
			<string>PBXShellScriptBuildPhase</string>
			<key>name</key>
			<string>Check Pods Manifest.lock</string>
			<key>outputPaths</key>
			<array/>
			<key>runOnlyForDeploymentPostprocessing</key>
			<string>0</string>
			<key>shellPath</key>
			<string>/bin/sh</string>
			<key>shellScript</key>
			<string>diff "${PODS_ROOT}/../Podfile.lock" "${PODS_ROOT}/Manifest.lock" &gt; /dev/null
if [[ $? != 0 ]] ; then
    cat &lt;&lt; EOM
error: The sandbox is not in sync with the Podfile.lock. Run 'pod install' or update your CocoaPods installation.
EOM
    exit 1
fi
</string>
			<key>showEnvVarsInLog</key>
			<string>1</string>
		</dict>
	</dict>
	<key>rootObject</key>
	<string>BCB031721760CE6700FAEBDB</string>
</dict>
</plist>
